{
    "_meta": {
        "hash": {
            "sha256": "57c97a26571c2d94e2bc04668e55062d42a1ed08a9eca89cd8e7d68a910ccdfc"
        },
        "pipfile-spec": 6,
        "requires": {
            "python_version": "3.13"
        },
        "sources": [
            {
                "name": "pypi",
                "url": "https://pypi.org/simple",
                "verify_ssl": true
            }
        ]
    },
    "default": {
        "asgiref": {
            "hashes": [
                "sha256:a5ab6582236218e5ef1648f242fd9f10626cfd4de8dc377db215d5d5098e3142",
                "sha256:f3bba7092a48005b5f5bacd747d36ee4a5a61f4a269a6df590b43144355ebd2c"
            ],
            "markers": "python_version >= '3.9'",
            "version": "==3.9.1"
        },
        "certifi": {
            "hashes": [
                "sha256:e564105f78ded564e3ae7c923924435e1daa7463faeab5bb932bc53ffae63407",
                "sha256:f6c12493cfb1b06ba2ff328595af9350c65d6644968e5d3a2ffd78699af217a5"
            ],
            "markers": "python_version >= '3.7'",
            "version": "==2025.8.3"
        },
        "cffi": {
            "hashes": [
                "sha256:0dbbe4a9bfcc058fccfee33ea5bebe50440767d219c2efa3a722a90ed59e8cfa",
                "sha256:0eb17b22e313c453c940931f5d063ba9e87e5db12d99473477ab1851e66fedb4",
                "sha256:142c9c0c75fbc95ce23836e538681bd89e483de37b7cdf251dbdf0975995f8ac",
                "sha256:14505e4a82aa84abddab6e493946d3ed6bf6d268b58e4c2f5bcf8ec2dee2ca2d",
                "sha256:14c0ade7949f088615450abf884064b4ef11e8c9917b99d53f12e06cdfd2cd36",
                "sha256:16dc303af3630f54186b86aadf1121badf3cba6de17dfeacb84c5091e059a690",
                "sha256:1f4ca4ac8b9ee620ff5cb4307fae08691a0911bf0eeb488e8d6cf55bd77dfe43",
                "sha256:2155d2a0819c3fdcaa37832fb69e698d455627c23f83bc9c7adbef699fe4be19",
                "sha256:230a97779cdd6734b6af3bfda4be31406bab58a078f25327b169975be9225a46",
                "sha256:2355cd38f375906da70a8bad548eb63f65bed43c1044ed075691fa36e8e8315a",
                "sha256:265666e15da6974e6a74110873321e84c7c2288e379aca44a7df4713325b9be4",
                "sha256:27309de8cebf48e056550db6607e2fb2c50109b54fc72c02b3b34811233483be",
                "sha256:2b08dd1a826b678d39aa78f30edc1b7d9bd1e5b7e5adc2d47e8f56ab25ac7c13",
                "sha256:2da933859e1465a08f36d88e0452194da27b9ff0813e5ba49f02c544682d40e0",
                "sha256:2ea57043b545f346b081877737cb0320960012107d0250fa5183a4306f9365d6",
                "sha256:2fd8f55419576289d7cd8c9349ea46a222379936136754ab4c2b041294b0b48d",
                "sha256:314afab228f7b45de7bae55059b4e706296e7d3984d53e643cc0389757216221",
                "sha256:31b8e3204cdef043e59a296383e6a43461d17c5c3d73fa9cebf4716a561291b0",
                "sha256:339e853c75f69c726b1a85f2217db6880422f915770679c47150eea895e02b46",
                "sha256:352e1949f7af33c37b060d2c2ea8a8fa1be6695ff94f8d5f7738bacacb9d6de4",
                "sha256:39eedbed09879f6d1591ad155afcc162aa11ebf3271215339b4aef3df5631573",
                "sha256:3b8aee0176d80781a21855832c411cfd3126c34966650693ec1245f0b756498b",
                "sha256:3ba9946f292f7ae3a6f1cc72af259c477c291eb10ad3ca74180862e39f46a521",
                "sha256:3cc3245802b4950bc5459a2ef9a650d948972e44df120ecd2c6201814c8edb54",
                "sha256:4210ddc2b41c20739c64dede1304fb81415220ea671885623063fab44066e376",
                "sha256:4440de58d19c0bebe6a2f3b721253d67b27aabb34e00ab35756d8699876191ea",
                "sha256:47a91ab8d17ed7caed27e5b2eda3b3478f3d28cecb3939d708545804273e159b",
                "sha256:4b69c24a89c30a7821ecd25bcaff99075d95dd0c85c8845768c340a7736d84cf",
                "sha256:504d264944d0934d7b02164af5c62b175255ef0d39c5142d95968b710c58a8f6",
                "sha256:505bec438236c623d7cfd8cc740598611a1d4883a629a0e33eb9e3c2dcd81b04",
                "sha256:53c780c2ec8ce0e5db9b74e9b0b55ff5d5f70071202740cef073a2771fa1d2ce",
                "sha256:53fbcfdb35760bc6fb68096632d29700bcf37fd0d71922dcc577eb6193fc6edc",
                "sha256:5acd1da34b96c8881b5df0e3d83cdbecc349b9ad5e9b8c0c589646c241448853",
                "sha256:5f304ce328ecfb7bc36034374c20d0b4ae70423253f8a81c5e0b5efd90e29cd4",
                "sha256:5f373f9bdc3569acd8aaebb6b521080eeb5a298533a58715537caf74e9e27f6b",
                "sha256:601ddbaa51b1bd96a92a6a26e855060390023ab600377280a9bed7703ed2a088",
                "sha256:60c2c1d7adf558b932de9e4633f68e359063d1a748c92a4a3cba832085e9819b",
                "sha256:6a1faa47c7fbe0627f6b621dadebed9f532a789a1d3b519731304da1d3ec3d14",
                "sha256:6de033c73dc89f80139c5a7d135fbd6c1d7b28ebb0d2df98cd1f4ef76991b15c",
                "sha256:6ff1ba153e0740c2ea47d74d015c1a03c3addab1681633be0838103c297b855c",
                "sha256:71ab35c6cc375da1e2c06af65bf0b5049199ad9b264f9ed7c90c0fe9450900e3",
                "sha256:762dd8db1bd710f7b828b3c6cbb7101b5e190e722eb5633eb79b1a6b751e349a",
                "sha256:765c82d4a73ded03bfea961364f4c57dd6cfe7b0d57b7a2d9b95e2e7bd5de6f7",
                "sha256:76a19efb88a495bb7377fc542c7f97c9816dfc1d6bb4ad147acb99599a83e248",
                "sha256:782f60714ea2935e5391a0f69ad4705624cdc86243b18dcfafd08565c28e89bd",
                "sha256:7b17e92900eb61bce62ea07ea8dd0dc33aa476ee8f977918050e52f90f5b645c",
                "sha256:7dfd6f8f57e812f3175aa0d4d36ed797b6ff35f7cdfefea05417569b543ddc94",
                "sha256:853e90e942246f9e098f16baa45896f80675f86ab6447823c4030a67c3cc112d",
                "sha256:856eb353a42b04d02b0633c71123276710a5390e92a27fbd2446864ca7d27923",
                "sha256:87acb9e2221ed37c385c9cef866377fbaa13180de9ba1cdc4e6dc927b273c87f",
                "sha256:8af08fd246d2a544c8b68c25c171809d08eed9372f2026ae48dad17d26525578",
                "sha256:916141ca9ff05e9f67fe73c39a527d96a7101191673dee9985e71cd164b55915",
                "sha256:91fc109a1412dd29657f442a61bb571baaa1d074628145008ceb54dc9bb13941",
                "sha256:9c70c77ec47b96a593477386d7bf23243996c75f1cc7ce383ba35dcedca9bd14",
                "sha256:9d04b5fc06ba0ce45d7e51dfd8a14dc20708ef301fcf5a215c507f4e084b00c8",
                "sha256:9e23ac717e8b3767c80198d483c743fe596b055a6e29ef34f9d8cdf61f941f2f",
                "sha256:a160995771c54b12dc5a1ef44d6fd59aeea4909e2d58c10169156e9d9a7e2960",
                "sha256:a812e9ab7a0bfef3e89089c0359e631d8521d5efc8d21c7ede3f1568db689920",
                "sha256:a898f76bac81f9a371df6c8664228a85cdea6b283a721f2493f0df6f80afd208",
                "sha256:aaec3f41cd6f0ffda5e23365822710d747b8613d3b8f54e12b5d7dcde688300d",
                "sha256:ab4aea2f93ab6c408f0c6be8ddebe4d1086b4966148f542fe11cf82ca698dc07",
                "sha256:adbed7d68bc8837eb2c73e01bc284b5af9898e82b6067a6cbffea4f1820626e4",
                "sha256:bce5ce4790b8347c2d7937312218d0282af344f8a589db163520a02fe8e42281",
                "sha256:bd7ce5d8224fb5a57bd7f1d9843aa4ecb870ec3f4a2101e1ba8314e91177e184",
                "sha256:bdd3ce5e620ff6ee1e89fb7abb620756482fb3e337e5121e441cb0071c11cbd0",
                "sha256:be957dd266facf8e4925643073159b05021a990b46620b06ca27eaf9d900dbc2",
                "sha256:c177aa1cdae420519665da22760f4a4a159551733d4686a4467f579bf7b75470",
                "sha256:c5713cac21b2351a53958c765d8e9eda45184bb757c3ccab139608e708788796",
                "sha256:cb351fade24f7ba9ca481bee53d4257053b9fa9da55da276fe1187a990a49dde",
                "sha256:cbde39be02aa7d8fbcd6bf1a9241cb1d84f2e2f0614970c51a707a9a176b85c6",
                "sha256:cf1b2510f1a91c4d7e8f83df6a13404332421e6e4a067059174d455653ae5314",
                "sha256:d2ede96d5de012d74b174082dec44c58a35b42e0ea9f197063ddb5e504ee0c7e",
                "sha256:d31ba9f54739dcf98edb87e4881e326fad79e4866137c24afb0da531c1a965ca",
                "sha256:d88f849d03c9aa2d7bbd710a0e20266f92bf524396c7fce881cd5a1971447812",
                "sha256:e227627762046204df31c589d7406540778d05622e395d41fc68b7895d40c174",
                "sha256:e2920fa42cf0616c21ea6d3948ad207cf0e420d2d2ef449d86ccad6ef9c13393",
                "sha256:e342223ada6b1d34f3719d3612991924cb68fa7f8fb2ec22f5bda254882828ab",
                "sha256:ebb116751a49977c0b130493d3af13c567c4613946d293d4f61601237fabcd5f",
                "sha256:ecf72cb96106fbde29682db37569c7cee3ebf29ecf9ead46978679057c6df234",
                "sha256:f2ebc97ba03b26e9b6b048b6c3981165126905cb20564fbf6584f5e072a1c189",
                "sha256:f4b5acb4cddcaf0ebb82a226f9fa1d5063505e0c206031ee1f4d173750b592fd",
                "sha256:fba9546b80f3b275f04915ffbca7b75aa22a353c4f6410469fb1d8c340ec1c31",
                "sha256:fe8cb43962af8e43facad740930fadc4cf8cdc1e073f59d0f13714711807979f",
                "sha256:ffbbeedd6bac26c0373b71831d3c73181a1c100dc6fc7aadbfcca54cace417db"
            ],
            "markers": "python_version >= '3.9'",
            "version": "==2.0.0b1"
        },
        "charset-normalizer": {
            "hashes": [
                "sha256:00237675befef519d9af72169d8604a067d92755e84fe76492fef5441db05b91",
                "sha256:02425242e96bcf29a49711b0ca9f37e451da7c70562bc10e8ed992a5a7a25cc0",
                "sha256:027b776c26d38b7f15b26a5da1044f376455fb3766df8fc38563b4efbc515154",
                "sha256:07a0eae9e2787b586e129fdcbe1af6997f8d0e5abaa0bc98c0e20e124d67e601",
                "sha256:0cacf8f7297b0c4fcb74227692ca46b4a5852f8f4f24b3c766dd94a1075c4884",
                "sha256:0e78314bdc32fa80696f72fa16dc61168fda4d6a0c014e0380f9d02f0e5d8a07",
                "sha256:0f2be7e0cf7754b9a30eb01f4295cc3d4358a479843b31f328afd210e2c7598c",
                "sha256:13faeacfe61784e2559e690fc53fa4c5ae97c6fcedb8eb6fb8d0a15b475d2c64",
                "sha256:14c2a87c65b351109f6abfc424cab3927b3bdece6f706e4d12faaf3d52ee5efe",
                "sha256:1606f4a55c0fd363d754049cdf400175ee96c992b1f8018b993941f221221c5f",
                "sha256:16a8770207946ac75703458e2c743631c79c59c5890c80011d536248f8eaa432",
                "sha256:18343b2d246dc6761a249ba1fb13f9ee9a2bcd95decc767319506056ea4ad4dc",
                "sha256:18b97b8404387b96cdbd30ad660f6407799126d26a39ca65729162fd810a99aa",
                "sha256:1bb60174149316da1c35fa5233681f7c0f9f514509b8e399ab70fea5f17e45c9",
                "sha256:1e8ac75d72fa3775e0b7cb7e4629cec13b7514d928d15ef8ea06bca03ef01cae",
                "sha256:1ef99f0456d3d46a50945c98de1774da86f8e992ab5c77865ea8b8195341fc19",
                "sha256:2001a39612b241dae17b4687898843f254f8748b796a2e16f1051a17078d991d",
                "sha256:23b6b24d74478dc833444cbd927c338349d6ae852ba53a0d02a2de1fce45b96e",
                "sha256:252098c8c7a873e17dd696ed98bbe91dbacd571da4b87df3736768efa7a792e4",
                "sha256:257f26fed7d7ff59921b78244f3cd93ed2af1800ff048c33f624c87475819dd7",
                "sha256:2c322db9c8c89009a990ef07c3bcc9f011a3269bc06782f916cd3d9eed7c9312",
                "sha256:30a96e1e1f865f78b030d65241c1ee850cdf422d869e9028e2fc1d5e4db73b92",
                "sha256:30d006f98569de3459c2fc1f2acde170b7b2bd265dc1943e87e1a4efe1b67c31",
                "sha256:31a9a6f775f9bcd865d88ee350f0ffb0e25936a7f930ca98995c05abf1faf21c",
                "sha256:320e8e66157cc4e247d9ddca8e21f427efc7a04bbd0ac8a9faf56583fa543f9f",
                "sha256:34a7f768e3f985abdb42841e20e17b330ad3aaf4bb7e7aeeb73db2e70f077b99",
                "sha256:3653fad4fe3ed447a596ae8638b437f827234f01a8cd801842e43f3d0a6b281b",
                "sha256:3cd35b7e8aedeb9e34c41385fda4f73ba609e561faedfae0a9e75e44ac558a15",
                "sha256:3cfb2aad70f2c6debfbcb717f23b7eb55febc0bb23dcffc0f076009da10c6392",
                "sha256:416175faf02e4b0810f1f38bcb54682878a4af94059a1cd63b8747244420801f",
                "sha256:41d1fc408ff5fdfb910200ec0e74abc40387bccb3252f3f27c0676731df2b2c8",
                "sha256:42e5088973e56e31e4fa58eb6bd709e42fc03799c11c42929592889a2e54c491",
                "sha256:4ca4c094de7771a98d7fbd67d9e5dbf1eb73efa4f744a730437d8a3a5cf994f0",
                "sha256:511729f456829ef86ac41ca78c63a5cb55240ed23b4b737faca0eb1abb1c41bc",
                "sha256:53cd68b185d98dde4ad8990e56a58dea83a4162161b1ea9272e5c9182ce415e0",
                "sha256:585f3b2a80fbd26b048a0be90c5aae8f06605d3c92615911c3a2b03a8a3b796f",
                "sha256:5b413b0b1bfd94dbf4023ad6945889f374cd24e3f62de58d6bb102c4d9ae534a",
                "sha256:5d8d01eac18c423815ed4f4a2ec3b439d654e55ee4ad610e153cf02faf67ea40",
                "sha256:6aab0f181c486f973bc7262a97f5aca3ee7e1437011ef0c2ec04b5a11d16c927",
                "sha256:6cf8fd4c04756b6b60146d98cd8a77d0cdae0e1ca20329da2ac85eed779b6849",
                "sha256:6fb70de56f1859a3f71261cbe41005f56a7842cc348d3aeb26237560bfa5e0ce",
                "sha256:6fce4b8500244f6fcb71465d4a4930d132ba9ab8e71a7859e6a5d59851068d14",
                "sha256:70bfc5f2c318afece2f5838ea5e4c3febada0be750fcf4775641052bbba14d05",
                "sha256:73dc19b562516fc9bcf6e5d6e596df0b4eb98d87e4f79f3ae71840e6ed21361c",
                "sha256:74d77e25adda8581ffc1c720f1c81ca082921329452eba58b16233ab1842141c",
                "sha256:78deba4d8f9590fe4dae384aeff04082510a709957e968753ff3c48399f6f92a",
                "sha256:86df271bf921c2ee3818f0522e9a5b8092ca2ad8b065ece5d7d9d0e9f4849bcc",
                "sha256:88ab34806dea0671532d3f82d82b85e8fc23d7b2dd12fa837978dad9bb392a34",
                "sha256:8999f965f922ae054125286faf9f11bc6932184b93011d138925a1773830bbe9",
                "sha256:8dcfc373f888e4fb39a7bc57e93e3b845e7f462dacc008d9749568b1c4ece096",
                "sha256:939578d9d8fd4299220161fdd76e86c6a251987476f5243e8864a7844476ba14",
                "sha256:96b2b3d1a83ad55310de8c7b4a2d04d9277d5591f40761274856635acc5fcb30",
                "sha256:a2d08ac246bb48479170408d6c19f6385fa743e7157d716e144cad849b2dd94b",
                "sha256:b256ee2e749283ef3ddcff51a675ff43798d92d746d1a6e4631bf8c707d22d0b",
                "sha256:b5e3b2d152e74e100a9e9573837aba24aab611d39428ded46f4e4022ea7d1942",
                "sha256:b89bc04de1d83006373429975f8ef9e7932534b8cc9ca582e4db7d20d91816db",
                "sha256:bd28b817ea8c70215401f657edef3a8aa83c29d447fb0b622c35403780ba11d5",
                "sha256:c60e092517a73c632ec38e290eba714e9627abe9d301c8c8a12ec32c314a2a4b",
                "sha256:c6dbd0ccdda3a2ba7c2ecd9d77b37f3b5831687d8dc1b6ca5f56a4880cc7b7ce",
                "sha256:c6e490913a46fa054e03699c70019ab869e990270597018cef1d8562132c2669",
                "sha256:c6f162aabe9a91a309510d74eeb6507fab5fff92337a15acbe77753d88d9dcf0",
                "sha256:c6fd51128a41297f5409deab284fecbe5305ebd7e5a1f959bee1c054622b7018",
                "sha256:cc34f233c9e71701040d772aa7490318673aa7164a0efe3172b2981218c26d93",
                "sha256:cc9370a2da1ac13f0153780040f465839e6cccb4a1e44810124b4e22483c93fe",
                "sha256:ccf600859c183d70eb47e05a44cd80a4ce77394d1ac0f79dbd2dd90a69a3a049",
                "sha256:ce571ab16d890d23b5c278547ba694193a45011ff86a9162a71307ed9f86759a",
                "sha256:cf1ebb7d78e1ad8ec2a8c4732c7be2e736f6e5123a4146c5b89c9d1f585f8cef",
                "sha256:d0e909868420b7049dafd3a31d45125b31143eec59235311fc4c57ea26a4acd2",
                "sha256:d22dbedd33326a4a5190dd4fe9e9e693ef12160c77382d9e87919bce54f3d4ca",
                "sha256:d716a916938e03231e86e43782ca7878fb602a125a91e7acb8b5112e2e96ac16",
                "sha256:d79c198e27580c8e958906f803e63cddb77653731be08851c7df0b1a14a8fc0f",
                "sha256:d95bfb53c211b57198bb91c46dd5a2d8018b3af446583aab40074bf7988401cb",
                "sha256:e28e334d3ff134e88989d90ba04b47d84382a828c061d0d1027b1b12a62b39b1",
                "sha256:ec557499516fc90fd374bf2e32349a2887a876fbf162c160e3c01b6849eaf557",
                "sha256:fb6fecfd65564f208cbf0fba07f107fb661bcd1a7c389edbced3f7a493f70e37",
                "sha256:fb731e5deb0c7ef82d698b0f4c5bb724633ee2a489401594c5c88b02e6cb15f7",
                "sha256:fb7f67a1bfa6e40b438170ebdc8158b78dc465a5a67b6dde178a46987b244a72",
                "sha256:fd10de089bcdcd1be95a2f73dbe6254798ec1bda9f450d5828c96f93e2536b9c",
                "sha256:fdabf8315679312cfa71302f9bd509ded4f2f263fb5b765cf1433b39106c3cc9"
            ],
            "markers": "python_version >= '3.7'",
            "version": "==3.4.3"
        },
        "cryptography": {
            "hashes": [
                "sha256:00e8724bdad672d75e6f069b27970883179bd472cd24a63f6e620ca7e41cc0c5",
                "sha256:048e7ad9e08cf4c0ab07ff7f36cc3115924e22e2266e034450a890d9e312dd74",
                "sha256:0d9ef57b6768d9fa58e92f4947cea96ade1233c0e236db22ba44748ffedca394",
                "sha256:18f878a34b90d688982e43f4b700408b478102dd58b3e39de21b5ebf6509c301",
                "sha256:1b7fa6a1c1188c7ee32e47590d16a5a0646270921f8020efc9a511648e1b2e08",
                "sha256:20ae4906a13716139d6d762ceb3e0e7e110f7955f3bc3876e3a07f5daadec5f3",
                "sha256:20d15aed3ee522faac1a39fbfdfee25d17b1284bafd808e1640a74846d7c4d1b",
                "sha256:2384f2ab18d9be88a6e4f8972923405e2dbb8d3e16c6b43f15ca491d7831bd18",
                "sha256:275ba5cc0d9e320cd70f8e7b96d9e59903c815ca579ab96c1e37278d231fc402",
                "sha256:2dac5ec199038b8e131365e2324c03d20e97fe214af051d20c49db129844e8b3",
                "sha256:31a2b9a10530a1cb04ffd6aa1cd4d3be9ed49f7d77a4dafe198f3b382f41545c",
                "sha256:3436128a60a5e5490603ab2adbabc8763613f638513ffa7d311c900a8349a2a0",
                "sha256:3b5bf5267e98661b9b888a9250d05b063220dfa917a8203744454573c7eb79db",
                "sha256:3de77e4df42ac8d4e4d6cdb342d989803ad37707cf8f3fbf7b088c9cbdd46427",
                "sha256:44647c5d796f5fc042bbc6d61307d04bf29bccb74d188f18051b635f20a9c75f",
                "sha256:550ae02148206beb722cfe4ef0933f9352bab26b087af00e48fdfb9ade35c5b3",
                "sha256:599c8d7df950aa68baa7e98f7b73f4f414c9f02d0e8104a30c0182a07732638b",
                "sha256:5b64e668fc3528e77efa51ca70fadcd6610e8ab231e3e06ae2bab3b31c2b8ed9",
                "sha256:5bd6020c80c5b2b2242d6c48487d7b85700f5e0038e67b29d706f98440d66eb5",
                "sha256:5c966c732cf6e4a276ce83b6e4c729edda2df6929083a952cc7da973c539c719",
                "sha256:629127cfdcdc6806dfe234734d7cb8ac54edaf572148274fa377a7d3405b0043",
                "sha256:705bb7c7ecc3d79a50f236adda12ca331c8e7ecfbea51edd931ce5a7a7c4f012",
                "sha256:780c40fb751c7d2b0c6786ceee6b6f871e86e8718a8ff4bc35073ac353c7cd02",
                "sha256:7a3085d1b319d35296176af31c90338eeb2ddac8104661df79f80e1d9787b8b2",
                "sha256:826b46dae41a1155a0c0e66fafba43d0ede1dc16570b95e40c4d83bfcf0a451d",
                "sha256:833dc32dfc1e39b7376a87b9a6a4288a10aae234631268486558920029b086ec",
                "sha256:cc4d66f5dc4dc37b89cfef1bd5044387f7a1f6f0abb490815628501909332d5d",
                "sha256:d063341378d7ee9c91f9d23b431a3502fc8bfacd54ef0a27baa72a0843b29159",
                "sha256:e2a21a8eda2d86bb604934b6b37691585bd095c1f788530c1fcefc53a82b3453",
                "sha256:e40b80ecf35ec265c452eea0ba94c9587ca763e739b8e559c128d23bff7ebbbf",
                "sha256:e5b3dda1b00fb41da3af4c5ef3f922a200e33ee5ba0f0bc9ecf0b0c173958385",
                "sha256:ea3c42f2016a5bbf71825537c2ad753f2870191134933196bee408aac397b3d9",
                "sha256:eccddbd986e43014263eda489abbddfbc287af5cddfd690477993dbb31e31016",
                "sha256:ee411a1b977f40bd075392c80c10b58025ee5c6b47a822a33c1198598a7a5f05",
                "sha256:f4028f29a9f38a2025abedb2e409973709c660d44319c61762202206ed577c42",
                "sha256:f68f833a9d445cc49f01097d95c83a850795921b3f7cc6488731e69bde3288da",
                "sha256:fc022c1fa5acff6def2fc6d7819bbbd31ccddfe67d075331a65d9cfb28a20983"
            ],
            "markers": "python_version >= '3.7' and python_full_version not in '3.9.0, 3.9.1'",
            "version": "==45.0.6"
        },
        "defusedxml": {
            "hashes": [
                "sha256:138c7d540a78775182206c7c97fe65b246a2f40b29471e1a2f1b0da76e7a3942",
                "sha256:1c812964311154c3bf4aaf3bc1443b31ee13530b7f255eaaa062c0553c76103d"
            ],
            "markers": "python_version >= '3.6'",
            "version": "==0.8.0rc2"
        },
        "django": {
            "hashes": [
                "sha256:0745b25681b129a77aae3d4f6549b62d3913d74407831abaa0d9021a03954bae",
                "sha256:2b2ada0ee8a5ff743a40e2b9820d1f8e24c11bac9ae6469cd548f0057ea6ddcd"
            ],
            "index": "pypi",
            "markers": "python_version >= '3.10'",
            "version": "==5.2.5"
        },
        "djangorestframework": {
            "hashes": [
                "sha256:166809528b1aced0a17dc66c24492af18049f2c9420dbd0be29422029cfc3ff7",
                "sha256:33a59f47fb9c85ede792cbf88bde71893bcda0667bc573f784649521f1102cec"
            ],
            "markers": "python_version >= '3.9'",
            "version": "==3.16.1"
        },
        "djangorestframework-simplejwt": {
            "hashes": [
                "sha256:2c30f3707053d384e9f315d11c2daccfcb548d4faa453111ca19a542b732e469",
                "sha256:e72c5572f51d7803021288e2057afcbd03f17fe11d484096f40a460abc76e87f"
            ],
            "markers": "python_version >= '3.9'",
            "version": "==5.5.1"
        },
        "djoser": {
            "hashes": [
                "sha256:6ceeea9898cbdd585f1daa1ee9d46270600c0401dcd2d1db6f7894782006f6a6",
                "sha256:b97d233b626c26ebccb09f5614420873ad78b8b1fb1459c76475b05319bae567"
            ],
            "index": "pypi",
            "markers": "python_version >= '3.9' and python_version < '4.0'",
            "version": "==2.3.3"
        },
        "idna": {
            "hashes": [
                "sha256:12f65c9b470abda6dc35cf8e63cc574b1c52b11df2c86030af0ac09b01b13ea9",
                "sha256:946d195a0d259cbba61165e88e65941f16e9b36ea6ddb97f00452bae8b1287d3"
            ],
            "markers": "python_version >= '3.6'",
            "version": "==3.10"
        },
        "oauthlib": {
            "hashes": [
                "sha256:0f0f8aa759826a193cf66c12ea1af1637f87b9b4622d46e866952bb022e538c9",
                "sha256:88119c938d2b8fb88561af5f6ee0eec8cc8d552b7bb1f712743136eb7523b7a1"
            ],
            "markers": "python_version >= '3.8'",
            "version": "==3.3.1"
        },
        "pycparser": {
            "hashes": [
                "sha256:491c8be9c040f5390f5bf44a5b07752bd07f56edf992381b05c701439eec10f6",
                "sha256:c3702b6d3dd8c7abc1afa565d7e63d53a1d0bd86cdc24edd75470f4de499cfcc"
            ],
            "markers": "python_version >= '3.8'",
            "version": "==2.22"
        },
        "pyjwt": {
            "hashes": [
                "sha256:3cc5772eb20009233caf06e9d8a0577824723b44e6648ee0a2aedb6cf9381953",
                "sha256:dcdd193e30abefd5debf142f9adfcdd2b58004e644f25406ffaebd50bd98dacb"
            ],
            "markers": "python_version >= '3.9'",
            "version": "==2.10.1"
        },
        "python3-openid": {
            "hashes": [
                "sha256:33fbf6928f401e0b790151ed2b5290b02545e8775f982485205a066f874aaeaf",
                "sha256:6626f771e0417486701e0b4daff762e7212e820ca5b29fcc0d05f6f8736dfa6b"
            ],
            "version": "==3.2.0"
        },
        "requests": {
            "hashes": [
                "sha256:2462f94637a34fd532264295e186976db0f5d453d1cdd31473c85a6a161affb6",
                "sha256:dbba0bac56e100853db0ea71b82b4dfd5fe2bf6d3754a8893c3af500cec7d7cf"
            ],
            "markers": "python_version >= '3.9'",
            "version": "==2.32.5"
        },
        "requests-oauthlib": {
            "hashes": [
                "sha256:7dd8a5c40426b779b0868c404bdef9768deccf22749cde15852df527e6269b36",
                "sha256:b3dffaebd884d8cd778494369603a9e7b58d29111bf6b41bdc2dcd87203af4e9"
            ],
            "markers": "python_version >= '3.4'",
            "version": "==2.0.0"
        },
        "social-auth-app-django": {
            "hashes": [
                "sha256:7a6aac52686b9703af57ad1f5935c55fb97404988067e94c4fa32143bc6a02a5",
                "sha256:a1435c17227d07d690b06cca54ea47d4ed939de4749dac45dd4393c8a98dac17"
            ],
            "markers": "python_version >= '3.10'",
            "version": "==5.5.1"
        },
        "social-auth-core": {
            "hashes": [
                "sha256:2bba127c7b7166a81085ddb0c248d93751b3bc3cdab8569f62d9f70c6bc4ed40",
                "sha256:9eef9b49c332d1a3265b37dcc698a7ace97c3fc59df2d874b51576d11d31f6a6"
            ],
            "markers": "python_version >= '3.9'",
            "version": "==4.7.0"
        },
        "sqlparse": {
            "hashes": [
                "sha256:09f67787f56a0b16ecdbde1bfc7f5d9c3371ca683cfeaa8e6ff60b4807ec9272",
                "sha256:cf2196ed3418f3ba5de6af7e82c694a9fbdbfecccdfc72e281548517081f16ca"
            ],
            "markers": "python_version >= '3.8'",
            "version": "==0.5.3"
        },
        "tzdata": {
            "hashes": [
                "sha256:1a403fada01ff9221ca8044d701868fa132215d84beb92242d9acd2147f667a8",
                "sha256:b60a638fcc0daffadf82fe0f57e53d06bdec2f36c4df66280ae79bce6bd6f2b9"
            ],
            "markers": "python_version >= '2'",
            "version": "==2025.2"
        },
        "urllib3": {
            "hashes": [
                "sha256:3fc47733c7e419d4bc3f6b3dc2b4f890bb743906a30d56ba4a5bfa4bbff92760",
                "sha256:e6b01673c0fa6a13e374b50871808eb3bf7046c4b125b216f6bf1cc604cff0dc"
            ],
            "markers": "python_version >= '3.9'",
            "version": "==2.5.0"
        }
    },
    "develop": {}
}
